
Microsoft Visual Studio Solution File, Format Version 12.00
# Visual Studio Version 17
VisualStudioVersion = 17.6.33712.159
MinimumVisualStudioVersion = 10.0.40219.1
Project("{FAE04EC0-301F-11D3-BF4B-00C04F79EFBC}") = "UsuariosApi", "UsuariosApi\UsuariosApi.csproj", "{BDCDEB00-4B59-438E-B702-090AF9FFE64B}"
EndProject
Global
	GlobalSection(SolutionConfigurationPlatforms) = preSolution
		Debug|Any CPU = Debug|Any CPU
		Release|Any CPU = Release|Any CPU
	EndGlobalSection
	GlobalSection(ProjectConfigurationPlatforms) = postSolution
		{BDCDEB00-4B59-438E-B702-090AF9FFE64B}.Debug|Any CPU.ActiveCfg = Debug|Any CPU
		{BDCDEB00-4B59-438E-B702-090AF9FFE64B}.Debug|Any CPU.Build.0 = Debug|Any CPU
		{BDCDEB00-4B59-438E-B702-090AF9FFE64B}.Release|Any CPU.ActiveCfg = Release|Any CPU
		{BDCDEB00-4B59-438E-B702-090AF9FFE64B}.Release|Any CPU.Build.0 = Release|Any CPU
	EndGlobalSection
	GlobalSection(SolutionProperties) = preSolution
		HideSolutionNode = FALSE
	EndGlobalSection
	GlobalSection(ExtensibilityGlobals) = postSolution
		SolutionGuid = {A0CD1E1C-61EC-40FE-979A-DC2BE97C147C}
	EndGlobalSection
EndGlobal
