
Microsoft Visual Studio Solution File, Format Version 12.00
# Visual Studio 15
VisualStudioVersion = 15.0.33403.129
MinimumVisualStudioVersion = 10.0.40219.1
Project("{9A19103F-16F7-4668-BE54-9A1E7A4F7556}") = "web", "web.csproj", "{10BEDB96-1DD3-4A23-940E-A1A784EC4E74}"
EndProject
Global
	GlobalSection(SolutionConfigurationPlatforms) = preSolution
		Debug|Any CPU = Debug|Any CPU
		Release|Any CPU = Release|Any CPU
	EndGlobalSection
	GlobalSection(ProjectConfigurationPlatforms) = postSolution
		{10BEDB96-1DD3-4A23-940E-A1A784EC4E74}.Debug|Any CPU.ActiveCfg = Debug|Any CPU
		{10BEDB96-1DD3-4A23-940E-A1A784EC4E74}.Debug|Any CPU.Build.0 = Debug|Any CPU
		{10BEDB96-1DD3-4A23-940E-A1A784EC4E74}.Release|Any CPU.ActiveCfg = Release|Any CPU
		{10BEDB96-1DD3-4A23-940E-A1A784EC4E74}.Release|Any CPU.Build.0 = Release|Any CPU
	EndGlobalSection
	GlobalSection(SolutionProperties) = preSolution
		HideSolutionNode = FALSE
	EndGlobalSection
	GlobalSection(ExtensibilityGlobals) = postSolution
		SolutionGuid = {ABA106D1-5772-43B7-A794-4E6A9742DD84}
	EndGlobalSection
EndGlobal
