
Microsoft Visual Studio Solution File, Format Version 12.00
# Visual Studio Version 17
VisualStudioVersion = 17.1.32228.430
MinimumVisualStudioVersion = 10.0.40219.1
Project("{9A19103F-16F7-4668-BE54-9A1E7A4F7556}") = "01-ByteBank", "01-ByteBank\01-ByteBank.csproj", "{7E549B30-9280-4B05-B921-FFF3C0411096}"
EndProject
Project("{9A19103F-16F7-4668-BE54-9A1E7A4F7556}") = "02-ByteBank", "02-ByteBank\02-ByteBank.csproj", "{64611A0C-5C44-4AFF-A50B-8E23C3C96AAA}"
EndProject
Project("{9A19103F-16F7-4668-BE54-9A1E7A4F7556}") = "03-ByteBank", "03-ByteBank\03-ByteBank.csproj", "{B32E0E2F-AE2B-47E5-8242-F772B8025385}"
EndProject
Project("{9A19103F-16F7-4668-BE54-9A1E7A4F7556}") = "04-ByteBank", "04-ByteBank\04-ByteBank.csproj", "{668C5CA4-98E8-44B4-A1C1-C71551ED74B2}"
EndProject
Project("{9A19103F-16F7-4668-BE54-9A1E7A4F7556}") = "05-ByteBank", "05-ByteBank\05-ByteBank.csproj", "{8285E894-F453-467F-820A-DA29776A6878}"
EndProject
Project("{9A19103F-16F7-4668-BE54-9A1E7A4F7556}") = "06-ByteBank", "06-ByteBank\06-ByteBank.csproj", "{E18633CF-51FD-48F6-B54B-73851DA7ABF3}"
EndProject
Project("{9A19103F-16F7-4668-BE54-9A1E7A4F7556}") = "07-ByteBank", "07-ByteBank\07-ByteBank.csproj", "{05E1293C-9D37-4074-9530-799E7DEE6718}"
EndProject
Project("{FAE04EC0-301F-11D3-BF4B-00C04F79EFBC}") = "ByteBankErro", "ByteBankErro\ByteBankErro.csproj", "{798BDFCB-5BC0-41EC-9D7A-792F96CF9827}"
EndProject
Global
	GlobalSection(SolutionConfigurationPlatforms) = preSolution
		Debug|Any CPU = Debug|Any CPU
		Release|Any CPU = Release|Any CPU
	EndGlobalSection
	GlobalSection(ProjectConfigurationPlatforms) = postSolution
		{7E549B30-9280-4B05-B921-FFF3C0411096}.Debug|Any CPU.ActiveCfg = Debug|Any CPU
		{7E549B30-9280-4B05-B921-FFF3C0411096}.Debug|Any CPU.Build.0 = Debug|Any CPU
		{7E549B30-9280-4B05-B921-FFF3C0411096}.Release|Any CPU.ActiveCfg = Release|Any CPU
		{7E549B30-9280-4B05-B921-FFF3C0411096}.Release|Any CPU.Build.0 = Release|Any CPU
		{64611A0C-5C44-4AFF-A50B-8E23C3C96AAA}.Debug|Any CPU.ActiveCfg = Debug|Any CPU
		{64611A0C-5C44-4AFF-A50B-8E23C3C96AAA}.Debug|Any CPU.Build.0 = Debug|Any CPU
		{64611A0C-5C44-4AFF-A50B-8E23C3C96AAA}.Release|Any CPU.ActiveCfg = Release|Any CPU
		{64611A0C-5C44-4AFF-A50B-8E23C3C96AAA}.Release|Any CPU.Build.0 = Release|Any CPU
		{B32E0E2F-AE2B-47E5-8242-F772B8025385}.Debug|Any CPU.ActiveCfg = Debug|Any CPU
		{B32E0E2F-AE2B-47E5-8242-F772B8025385}.Debug|Any CPU.Build.0 = Debug|Any CPU
		{B32E0E2F-AE2B-47E5-8242-F772B8025385}.Release|Any CPU.ActiveCfg = Release|Any CPU
		{B32E0E2F-AE2B-47E5-8242-F772B8025385}.Release|Any CPU.Build.0 = Release|Any CPU
		{668C5CA4-98E8-44B4-A1C1-C71551ED74B2}.Debug|Any CPU.ActiveCfg = Debug|Any CPU
		{668C5CA4-98E8-44B4-A1C1-C71551ED74B2}.Debug|Any CPU.Build.0 = Debug|Any CPU
		{668C5CA4-98E8-44B4-A1C1-C71551ED74B2}.Release|Any CPU.ActiveCfg = Release|Any CPU
		{668C5CA4-98E8-44B4-A1C1-C71551ED74B2}.Release|Any CPU.Build.0 = Release|Any CPU
		{8285E894-F453-467F-820A-DA29776A6878}.Debug|Any CPU.ActiveCfg = Debug|Any CPU
		{8285E894-F453-467F-820A-DA29776A6878}.Debug|Any CPU.Build.0 = Debug|Any CPU
		{8285E894-F453-467F-820A-DA29776A6878}.Release|Any CPU.ActiveCfg = Release|Any CPU
		{8285E894-F453-467F-820A-DA29776A6878}.Release|Any CPU.Build.0 = Release|Any CPU
		{E18633CF-51FD-48F6-B54B-73851DA7ABF3}.Debug|Any CPU.ActiveCfg = Debug|Any CPU
		{E18633CF-51FD-48F6-B54B-73851DA7ABF3}.Debug|Any CPU.Build.0 = Debug|Any CPU
		{E18633CF-51FD-48F6-B54B-73851DA7ABF3}.Release|Any CPU.ActiveCfg = Release|Any CPU
		{E18633CF-51FD-48F6-B54B-73851DA7ABF3}.Release|Any CPU.Build.0 = Release|Any CPU
		{05E1293C-9D37-4074-9530-799E7DEE6718}.Debug|Any CPU.ActiveCfg = Debug|Any CPU
		{05E1293C-9D37-4074-9530-799E7DEE6718}.Debug|Any CPU.Build.0 = Debug|Any CPU
		{05E1293C-9D37-4074-9530-799E7DEE6718}.Release|Any CPU.ActiveCfg = Release|Any CPU
		{05E1293C-9D37-4074-9530-799E7DEE6718}.Release|Any CPU.Build.0 = Release|Any CPU
		{798BDFCB-5BC0-41EC-9D7A-792F96CF9827}.Debug|Any CPU.ActiveCfg = Debug|Any CPU
		{798BDFCB-5BC0-41EC-9D7A-792F96CF9827}.Debug|Any CPU.Build.0 = Debug|Any CPU
		{798BDFCB-5BC0-41EC-9D7A-792F96CF9827}.Release|Any CPU.ActiveCfg = Release|Any CPU
		{798BDFCB-5BC0-41EC-9D7A-792F96CF9827}.Release|Any CPU.Build.0 = Release|Any CPU
	EndGlobalSection
	GlobalSection(SolutionProperties) = preSolution
		HideSolutionNode = FALSE
	EndGlobalSection
	GlobalSection(ExtensibilityGlobals) = postSolution
		SolutionGuid = {DF7CDD76-4767-4BE7-86CE-CFA8C1C1ADB1}
	EndGlobalSection
EndGlobal
