
Microsoft Visual Studio Solution File, Format Version 12.00
# Visual Studio Version 17
VisualStudioVersion = 17.1.32328.378
MinimumVisualStudioVersion = 10.0.40219.1
Project("{FAE04EC0-301F-11D3-BF4B-00C04F79EFBC}") = "ByteBank.SistemaInterno", "ByteBank.SistemaInterno\ByteBank.SistemaInterno.csproj", "{19B63D1F-1F77-4142-8539-53AFE0AE287B}"
EndProject
Global
	GlobalSection(SolutionConfigurationPlatforms) = preSolution
		Debug|Any CPU = Debug|Any CPU
		Release|Any CPU = Release|Any CPU
	EndGlobalSection
	GlobalSection(ProjectConfigurationPlatforms) = postSolution
		{19B63D1F-1F77-4142-8539-53AFE0AE287B}.Debug|Any CPU.ActiveCfg = Debug|Any CPU
		{19B63D1F-1F77-4142-8539-53AFE0AE287B}.Debug|Any CPU.Build.0 = Debug|Any CPU
		{19B63D1F-1F77-4142-8539-53AFE0AE287B}.Release|Any CPU.ActiveCfg = Release|Any CPU
		{19B63D1F-1F77-4142-8539-53AFE0AE287B}.Release|Any CPU.Build.0 = Release|Any CPU
	EndGlobalSection
	GlobalSection(SolutionProperties) = preSolution
		HideSolutionNode = FALSE
	EndGlobalSection
	GlobalSection(ExtensibilityGlobals) = postSolution
		SolutionGuid = {03E8E655-F7BC-4F88-BB9F-F3CBD7D7FC85}
	EndGlobalSection
EndGlobal
