
Microsoft Visual Studio Solution File, Format Version 12.00
# Visual Studio Version 17
VisualStudioVersion = 17.2.32630.192
MinimumVisualStudioVersion = 10.0.40219.1
Project("{FAE04EC0-301F-11D3-BF4B-00C04F79EFBC}") = "csharp7_3", "csharp7_3\csharp7_3.csproj", "{99D45473-70CB-4CB0-81E0-A2710EAB93DD}"
EndProject
Global
	GlobalSection(SolutionConfigurationPlatforms) = preSolution
		Debug|Any CPU = Debug|Any CPU
		Release|Any CPU = Release|Any CPU
	EndGlobalSection
	GlobalSection(ProjectConfigurationPlatforms) = postSolution
		{99D45473-70CB-4CB0-81E0-A2710EAB93DD}.Debug|Any CPU.ActiveCfg = Debug|Any CPU
		{99D45473-70CB-4CB0-81E0-A2710EAB93DD}.Debug|Any CPU.Build.0 = Debug|Any CPU
		{99D45473-70CB-4CB0-81E0-A2710EAB93DD}.Release|Any CPU.ActiveCfg = Release|Any CPU
		{99D45473-70CB-4CB0-81E0-A2710EAB93DD}.Release|Any CPU.Build.0 = Release|Any CPU
	EndGlobalSection
	GlobalSection(SolutionProperties) = preSolution
		HideSolutionNode = FALSE
	EndGlobalSection
	GlobalSection(ExtensibilityGlobals) = postSolution
		SolutionGuid = {593A1294-BFE6-44BA-8DB3-8773568A6106}
	EndGlobalSection
EndGlobal
