
Microsoft Visual Studio Solution File, Format Version 12.00
# Visual Studio Version 17
VisualStudioVersion = 17.0.31903.59
MinimumVisualStudioVersion = 10.0.40219.1
Project("{FAE04EC0-301F-11D3-BF4B-00C04F79EFBC}") = "Financas", "biblioteca\Financas.csproj", "{09A1AFC7-321C-47C6-9FA8-E5067FE054E9}"
EndProject
Project("{FAE04EC0-301F-11D3-BF4B-00C04F79EFBC}") = "FinancasWeb", "web\FinancasWeb.csproj", "{130B3C7C-72A9-4EC7-B940-3369E70AEFC5}"
EndProject
Project("{FAE04EC0-301F-11D3-BF4B-00C04F79EFBC}") = "FinancasTest", "tests\FinancasTest.csproj", "{F20E57E8-8095-4F8A-B5ED-2F49B2D6571A}"
EndProject
Global
	GlobalSection(SolutionConfigurationPlatforms) = preSolution
		Debug|Any CPU = Debug|Any CPU
		Release|Any CPU = Release|Any CPU
	EndGlobalSection
	GlobalSection(SolutionProperties) = preSolution
		HideSolutionNode = FALSE
	EndGlobalSection
	GlobalSection(ProjectConfigurationPlatforms) = postSolution
		{09A1AFC7-321C-47C6-9FA8-E5067FE054E9}.Debug|Any CPU.ActiveCfg = Debug|Any CPU
		{09A1AFC7-321C-47C6-9FA8-E5067FE054E9}.Debug|Any CPU.Build.0 = Debug|Any CPU
		{09A1AFC7-321C-47C6-9FA8-E5067FE054E9}.Release|Any CPU.ActiveCfg = Release|Any CPU
		{09A1AFC7-321C-47C6-9FA8-E5067FE054E9}.Release|Any CPU.Build.0 = Release|Any CPU
		{130B3C7C-72A9-4EC7-B940-3369E70AEFC5}.Debug|Any CPU.ActiveCfg = Debug|Any CPU
		{130B3C7C-72A9-4EC7-B940-3369E70AEFC5}.Debug|Any CPU.Build.0 = Debug|Any CPU
		{130B3C7C-72A9-4EC7-B940-3369E70AEFC5}.Release|Any CPU.ActiveCfg = Release|Any CPU
		{130B3C7C-72A9-4EC7-B940-3369E70AEFC5}.Release|Any CPU.Build.0 = Release|Any CPU
		{F20E57E8-8095-4F8A-B5ED-2F49B2D6571A}.Debug|Any CPU.ActiveCfg = Debug|Any CPU
		{F20E57E8-8095-4F8A-B5ED-2F49B2D6571A}.Debug|Any CPU.Build.0 = Debug|Any CPU
		{F20E57E8-8095-4F8A-B5ED-2F49B2D6571A}.Release|Any CPU.ActiveCfg = Release|Any CPU
		{F20E57E8-8095-4F8A-B5ED-2F49B2D6571A}.Release|Any CPU.Build.0 = Release|Any CPU
	EndGlobalSection
EndGlobal
